version = 1
revision = 3
requires-python = ">=3.14"

[[package]]
name = "arrow"
version = "1.4.0"
source = { registry = "https://pypi.org/simple" }
dependencies = [
    { name = "python-dateutil" },
    { name = "tzdata" },
]
sdist = { url = "https://files.pythonhosted.org/packages/b9/33/032cdc44182491aa708d06a68b62434140d8c50820a087fac7af37703357/arrow-1.4.0.tar.gz", hash = "sha256:ed0cc050e98001b8779e84d461b0098c4ac597e88704a655582b21d116e526d7", size = 152931, upload-time = "2025-10-18T17:46:46.761Z" }
wheels = [
    { url = "https://files.pythonhosted.org/packages/ed/c9/d7977eaacb9df673210491da99e6a247e93df98c715fc43fd136ce1d3d33/arrow-1.4.0-py3-none-any.whl", hash = "sha256:749f0769958ebdc79c173ff0b0670d59051a535fa26e8eba02953dc19eb43205", size = 68797, upload-time = "2025-10-18T17:46:45.663Z" },
]

[[package]]
name = "asgiref"
version = "3.11.1"
source = { registry = "https://pypi.org/simple" }
sdist = { url = "https://files.pythonhosted.org/packages/63/40/f03da1264ae8f7cfdbf9146542e5e7e8100a4c66ab48e791df9a03d3f6c0/asgiref-3.11.1.tar.gz", hash = "sha256:5f184dc43b7e763efe848065441eac62229c9f7b0475f41f80e207a114eda4ce", size = 38550, upload-time = "2026-02-03T13:30:14.33Z" }
wheels = [
    { url = "https://files.pythonhosted.org/packages/5c/0a/a72d10ed65068e115044937873362e6e32fab1b7dce0046aeb224682c989/asgiref-3.11.1-py3-none-any.whl", hash = "sha256:e8667a091e69529631969fd45dc268fa79b99c92c5fcdda727757e52146ec133", size = 24345, upload-time = "2026-02-03T13:30:13.039Z" },
]

[[package]]
name = "attrs"
version = "26.1.0"
source = { registry = "https://pypi.org/simple" }
sdist = { url = "https://files.pythonhosted.org/packages/9a/8e/82a0fe20a541c03148528be8cac2408564a6c9a0cc7e9171802bc1d26985/attrs-26.1.0.tar.gz", hash = "sha256:d03ceb89cb322a8fd706d4fb91940737b6642aa36998fe130a9bc96c985eff32", size = 952055, upload-time = "2026-03-19T14:22:25.026Z" }
wheels = [
    { url = "https://files.pythonhosted.org/packages/64/b4/17d4b0b2a2dc85a6df63d1157e028ed19f90d4cd97c36717afef2bc2f395/attrs-26.1.0-py3-none-any.whl", hash = "sha256:c647aa4a12dfbad9333ca4e71fe62ddc36f4e63b2d260a37a8b83d2f043ac309", size = 67548, upload-time = "2026-03-19T14:22:23.645Z" },
]

[[package]]
name = "babel"
version = "2.18.0"
source = { registry = "https://pypi.org/simple" }
sdist = { url = "https://files.pythonhosted.org/packages/7d/b2/51899539b6ceeeb420d40ed3cd4b7a40519404f9baf3d4ac99dc413a834b/babel-2.18.0.tar.gz", hash = "sha256:b80b99a14bd085fcacfa15c9165f651fbb3406e66cc603abf11c5750937c992d", size = 9959554, upload-time = "2026-02-01T12:30:56.078Z" }
wheels = [
    { url = "https://files.pythonhosted.org/packages/77/f5/21d2de20e8b8b0408f0681956ca2c69f1320a3848ac50e6e7f39c6159675/babel-2.18.0-py3-none-any.whl", hash = "sha256:e2b422b277c2b9a9630c1d7903c2a00d0830c409c59ac8cae9081c92f1aeba35", size = 10196845, upload-time = "2026-02-01T12:30:53.445Z" },
]

[[package]]
name = "click"
version = "8.4.1"
source = { registry = "https://pypi.org/simple" }
dependencies = [
    { name = "colorama", marker = "sys_platform == 'win32'" },
]
sdist = { url = "https://files.pythonhosted.org/packages/9b/98/518d8e5081007684232226f475082b30087d0f585e8457db087298259f49/click-8.4.1.tar.gz", hash = "sha256:918b5633eddf6b41c32d4f454bf0de810065c74e3f7dbf8ee5452f8be88d3e96", size = 353007, upload-time = "2026-05-22T04:08:37.769Z" }
wheels = [
    { url = "https://files.pythonhosted.org/packages/c7/0d/67e5b4109ea4a837e80daa87c2c696711955e40449a97e8926672534def2/click-8.4.1-py3-none-any.whl", hash = "sha256:482be17c6991b8c19c5429a1e995d9b0efdbb63172824c41f99965dc0ade8ec2", size = 116639, upload-time = "2026-05-22T04:08:35.26Z" },
]

[[package]]
name = "colorama"
version = "0.4.6"
source = { registry = "https://pypi.org/simple" }
sdist = { url = "https://files.pythonhosted.org/packages/d8/53/6f443c9a4a8358a93a6792e2acffb9d9d5cb0a5cfd8802644b7b1c9a02e4/colorama-0.4.6.tar.gz", hash = "sha256:08695f5cb7ed6e0531a20572697297273c47b8cae5a63ffc6d6ed5c201be6e44", size = 27697, upload-time = "2022-10-25T02:36:22.414Z" }
wheels = [
    { url = "https://files.pythonhosted.org/packages/d1/d6/3965ed04c63042e047cb6a3e6ed1a63a35087b6a609aa3a15ed8ac56c221/colorama-0.4.6-py2.py3-none-any.whl", hash = "sha256:4f1d9991f5acc0ca119f9d443620b77f9d6b33703e51011c16baf57afb285fc6", size = 25335, upload-time = "2022-10-25T02:36:20.889Z" },
]

[[package]]
name = "django"
version = "5.2.14"
source = { registry = "https://pypi.org/simple" }
dependencies = [
    { name = "asgiref" },
    { name = "sqlparse" },
    { name = "tzdata", marker = "sys_platform == 'win32'" },
]
sdist = { url = "https://files.pythonhosted.org/packages/65/95/95f7faa0950867afaa0bef2460c6263afd6a2c78cc9434046ed28160b015/django-5.2.14.tar.gz", hash = "sha256:58a63ba841662e5c686b57ba1fec52ddd68c0b93bd96ac3029d55728f00bf8a2", size = 10895118, upload-time = "2026-05-05T13:57:31.104Z" }
wheels = [
    { url = "https://files.pythonhosted.org/packages/14/44/f172870cf87aa25afef48fb72adba89ee8b77fcab6f3b23d240b923f1528/django-5.2.14-py3-none-any.whl", hash = "sha256:6f712143bd3064310d1f50fac859c3e9a274bdcfc9595339853be7779297fc76", size = 8311320, upload-time = "2026-05-05T13:57:25.795Z" },
]

[[package]]
name = "django-ftl"
version = "0.14"
source = { registry = "https://pypi.org/simple" }
dependencies = [
    { name = "django" },
    { name = "fluent-compiler" },
]
sdist = { url = "https://files.pythonhosted.org/packages/31/ec/52747f9e6d955aadc291618b453f9f92ebf1335ea7d44c4b48f6dc9697bf/django-ftl-0.14.tar.gz", hash = "sha256:3f881f143dd6509175d5e0722407ddf42a84f4a10680ed972ed3b4c6ad2107aa", size = 46120, upload-time = "2023-02-16T20:23:04.759Z" }
wheels = [
    { url = "https://files.pythonhosted.org/packages/f6/bd/9db699374a4c01b8d7715d61cbc7948a26155a2de3e5d91f82cd9c762f0f/django_ftl-0.14-py3-none-any.whl", hash = "sha256:87e1b374fb307e9bfac402abc87b347212e02288ca2d333d27bdbc481c71e0bf", size = 12350, upload-time = "2023-02-16T20:23:03.397Z" },
]

[[package]]
name = "fluent-compiler"
version = "1.1"
source = { registry = "https://pypi.org/simple" }
dependencies = [
    { name = "attrs" },
    { name = "babel" },
    { name = "fluent-syntax" },
    { name = "pytz" },
]
sdist = { url = "https://files.pythonhosted.org/packages/df/32/b51e4b5708412ccd3bec1060216c711a5a36da3814346b1799652a9051af/fluent_compiler-1.1.tar.gz", hash = "sha256:7ab34182b7ef616233457bc7d17eca830aa8faa4685eed7e4498968d63cdf14e", size = 83700, upload-time = "2024-04-02T18:53:09.879Z" }
wheels = [
    { url = "https://files.pythonhosted.org/packages/ef/5c/f6fcde75c59a54209ee3a109d84506e82f55e24e77a3df0e2d5755b8a4b9/fluent_compiler-1.1-py3-none-any.whl", hash = "sha256:67486e9e12394c9c38c89705171ee965ca8163684ebaeff019d0fa23945e9827", size = 37272, upload-time = "2024-04-02T18:53:07.795Z" },
]

[[package]]
name = "fluent-syntax"
version = "0.19.0"
source = { registry = "https://pypi.org/simple" }
dependencies = [
    { name = "typing-extensions" },
]
sdist = { url = "https://files.pythonhosted.org/packages/51/52/de75f2faf499ed5a089acff2ab8bda5fc3b8db8a3f1615428ef9ccbf1917/fluent.syntax-0.19.0.tar.gz", hash = "sha256:920326d7f46864b9758f0044e9968e3112198bc826acee16ddd8f11d359004fd", size = 15039, upload-time = "2023-03-16T11:03:24.023Z" }
wheels = [
    { url = "https://files.pythonhosted.org/packages/54/28/475734afb670bf7932caa1828183a4687cac51111950b9fb633c4f976afc/fluent.syntax-0.19.0-py2.py3-none-any.whl", hash = "sha256:b352b3475fac6c6ed5f06527921f432aac073d764445508ee5218aeccc7cc5c4", size = 16432, upload-time = "2023-03-16T11:03:21.934Z" },
]

[[package]]
name = "gest"
version = "0.1.0"
source = { editable = "." }
dependencies = [
    { name = "django" },
    { name = "django-ftl" },
    { name = "gunicorn" },
    { name = "icalendar" },
    { name = "imagesize" },
    { name = "nestedtext" },
    { name = "psycopg", extra = ["binary"] },
    { name = "recurring-ical-events" },
]

[package.dev-dependencies]
dev = [
    { name = "ruff" },
    { name = "ty" },
]

[package.metadata]
requires-dist = [
    { name = "django", specifier = ">=5.2,<6.0" },
    { name = "django-ftl", specifier = ">=0.14,<0.15" },
    { name = "gunicorn", specifier = ">=23,<24" },
    { name = "icalendar", specifier = ">=7.1.2" },
    { name = "imagesize", specifier = ">=2.0.0" },
    { name = "nestedtext", specifier = ">=3.8" },
    { name = "psycopg", extras = ["binary"], specifier = ">=3.2,<4" },
    { name = "recurring-ical-events", specifier = ">=3.8.2" },
]

[package.metadata.requires-dev]
dev = [
    { name = "ruff", specifier = ">=0.14,<0.15" },
    { name = "ty", specifier = ">=0.0.1a0" },
]

[[package]]
name = "gunicorn"
version = "23.0.0"
source = { registry = "https://pypi.org/simple" }
dependencies = [
    { name = "packaging" },
]
sdist = { url = "https://files.pythonhosted.org/packages/34/72/9614c465dc206155d93eff0ca20d42e1e35afc533971379482de953521a4/gunicorn-23.0.0.tar.gz", hash = "sha256:f014447a0101dc57e294f6c18ca6b40227a4c90e9bdb586042628030cba004ec", size = 375031, upload-time = "2024-08-10T20:25:27.378Z" }
wheels = [
    { url = "https://files.pythonhosted.org/packages/cb/7d/6dac2a6e1eba33ee43f318edbed4ff29151a49b5d37f080aad1e6469bca4/gunicorn-23.0.0-py3-none-any.whl", hash = "sha256:ec400d38950de4dfd418cff8328b2c8faed0edb0d517d3394e457c317908ca4d", size = 85029, upload-time = "2024-08-10T20:25:24.996Z" },
]

[[package]]
name = "icalendar"
version = "7.1.2"
source = { registry = "https://pypi.org/simple" }
dependencies = [
    { name = "python-dateutil" },
    { name = "tzdata" },
]
sdist = { url = "https://files.pythonhosted.org/packages/ac/e2/13c732a8da65961a249f9d745d2da5e06fc34a6c2ff24b13138bdedbf5f9/icalendar-7.1.2.tar.gz", hash = "sha256:ebc43ebeb357be98984b573d975118008dee3410d8df28b054ef2943cf3e367e", size = 471132, upload-time = "2026-05-22T10:42:29.729Z" }
wheels = [
    { url = "https://files.pythonhosted.org/packages/7d/a0/2929543a1dfe2667e1ce08f2d6af59480d1467c0ee38acb94637965b3de3/icalendar-7.1.2-py3-none-any.whl", hash = "sha256:01c76243c76c549f58bb51510a8f0a4edb7c539726adda1356dfd0dc04fb7a53", size = 474031, upload-time = "2026-05-22T10:42:28.308Z" },
]

[[package]]
name = "imagesize"
version = "2.0.0"
source = { registry = "https://pypi.org/simple" }
sdist = { url = "https://files.pythonhosted.org/packages/6c/e6/7bf14eeb8f8b7251141944835abd42eb20a658d89084b7e1f3e5fe394090/imagesize-2.0.0.tar.gz", hash = "sha256:8e8358c4a05c304f1fccf7ff96f036e7243a189e9e42e90851993c558cfe9ee3", size = 1773045, upload-time = "2026-03-03T14:18:29.941Z" }
wheels = [
    { url = "https://files.pythonhosted.org/packages/5f/53/fb7122b71361a0d121b669dcf3d31244ef75badbbb724af388948de543e2/imagesize-2.0.0-py2.py3-none-any.whl", hash = "sha256:5667c5bbb57ab3f1fa4bc366f4fbc971db3d5ed011fd2715fd8001f782718d96", size = 9441, upload-time = "2026-03-03T14:18:27.892Z" },
]

[[package]]
name = "inform"
version = "1.36"
source = { registry = "https://pypi.org/simple" }
dependencies = [
    { name = "arrow" },
    { name = "six" },
]
sdist = { url = "https://files.pythonhosted.org/packages/0d/f8/125fb87f052c5dbc7b9a400be9e4c10efd26c34faceb9005abac19642636/inform-1.36.tar.gz", hash = "sha256:da21a7dd0a72adcc399c2bda6d5879453a612261726ecd355534ea6fd45f314c", size = 46162, upload-time = "2026-01-10T19:32:34.365Z" }
wheels = [
    { url = "https://files.pythonhosted.org/packages/bb/46/6e14d3bb1f2442df7b510da7e629c34ec405005294e75871b07bfaa2fd20/inform-1.36-py3-none-any.whl", hash = "sha256:83cf053f9a9cc8b5bec9213170bb06f0fabad6e3f2c7c39223d520224f18d9c8", size = 44446, upload-time = "2026-01-10T19:32:32.812Z" },
]

[[package]]
name = "nestedtext"
version = "3.8"
source = { registry = "https://pypi.org/simple" }
dependencies = [
    { name = "inform" },
]
sdist = { url = "https://files.pythonhosted.org/packages/3a/34/e1d8ad3ceb5ec4b63edf8fbec6ab9404b62b3bf63ffd7038f556a0549c25/nestedtext-3.8.tar.gz", hash = "sha256:01f0a7b9c7339e7ca540c46f7d41d68a45fa067d7a9d873cebaac8157c9ce6dd", size = 31485, upload-time = "2025-12-26T22:06:26.522Z" }
wheels = [
    { url = "https://files.pythonhosted.org/packages/13/eb/4a44b1e8772db4c05d4d1e5885c879548859c7fc352ccf4b3e555aeba6c8/nestedtext-3.8-py3-none-any.whl", hash = "sha256:1b0a97cf35d85d24fc4c958c2acbaba03ed0c900db4dc7243435aa010123e799", size = 30020, upload-time = "2025-12-26T22:06:25.235Z" },
]

[[package]]
name = "packaging"
version = "26.2"
source = { registry = "https://pypi.org/simple" }
sdist = { url = "https://files.pythonhosted.org/packages/d7/f1/e7a6dd94a8d4a5626c03e4e99c87f241ba9e350cd9e6d75123f992427270/packaging-26.2.tar.gz", hash = "sha256:ff452ff5a3e828ce110190feff1178bb1f2ea2281fa2075aadb987c2fb221661", size = 228134, upload-time = "2026-04-24T20:15:23.917Z" }
wheels = [
    { url = "https://files.pythonhosted.org/packages/df/b2/87e62e8c3e2f4b32e5fe99e0b86d576da1312593b39f47d8ceef365e95ed/packaging-26.2-py3-none-any.whl", hash = "sha256:5fc45236b9446107ff2415ce77c807cee2862cb6fac22b8a73826d0693b0980e", size = 100195, upload-time = "2026-04-24T20:15:22.081Z" },
]

[[package]]
name = "psycopg"
version = "3.3.4"
source = { registry = "https://pypi.org/simple" }
dependencies = [
    { name = "tzdata", marker = "sys_platform == 'win32'" },
]
sdist = { url = "https://files.pythonhosted.org/packages/db/2f/cb91e5502ec9de1de6f1b76cfbf69531932725361168bb06963620c77e2e/psycopg-3.3.4.tar.gz", hash = "sha256:e21207764952cff81b6b8bdacad9a3939f2793367fdac2987b3aac36a651b5bc", size = 165799, upload-time = "2026-05-01T23:31:55.179Z" }
wheels = [
    { url = "https://files.pythonhosted.org/packages/5c/e0/7b3dee031daae7743609ce3c746565d4a3ed7c2c186479eb48e34e838c64/psycopg-3.3.4-py3-none-any.whl", hash = "sha256:b6bbc25ccf05c8fad3b061d9db2ef0909a555171b84b07f29458a447253d679a", size = 213001, upload-time = "2026-05-01T23:20:50.816Z" },
]

[package.optional-dependencies]
binary = [
    { name = "psycopg-binary", marker = "implementation_name != 'pypy'" },
]

[[package]]
name = "psycopg-binary"
version = "3.3.4"
source = { registry = "https://pypi.org/simple" }
wheels = [
    { url = "https://files.pythonhosted.org/packages/48/a6/828c9185701dab71b234c2a76c38a08b098ebfec5020716b4e93807492b5/psycopg_binary-3.3.4-cp314-cp314-macosx_10_15_x86_64.whl", hash = "sha256:28b7398fdd19db3232c884fb24550bdfe951221f510e195e233299e4c9b78f97", size = 4607292, upload-time = "2026-05-01T23:30:38.962Z" },
    { url = "https://files.pythonhosted.org/packages/92/58/5b40dbc9d839045c9dae956960e4fb6d20bcabe6c59a2aa34fc3a371913f/psycopg_binary-3.3.4-cp314-cp314-macosx_11_0_arm64.whl", hash = "sha256:1fbaa292a3c8bb61b45df1ad3da1908ccee7cb889db9425e3557d9e34e2a4829", size = 4687023, upload-time = "2026-05-01T23:30:47.227Z" },
    { url = "https://files.pythonhosted.org/packages/85/a9/793f0ac107a9003b48441d0d1f9f616d96e0f37458dd8dc12528ceff55fb/psycopg_binary-3.3.4-cp314-cp314-manylinux2014_ppc64le.manylinux_2_17_ppc64le.whl", hash = "sha256:94596f9e7633ee3f6440711d43bb70aa31cc0a46a900ab8b4201a366ace5c9e7", size = 5486985, upload-time = "2026-05-01T23:30:55.517Z" },
    { url = "https://files.pythonhosted.org/packages/8f/26/42e8533497e2592334f68ec529cf5f840f7fa4e99575a4bb61aa184dbfbf/psycopg_binary-3.3.4-cp314-cp314-manylinux2014_x86_64.manylinux_2_17_x86_64.whl", hash = "sha256:8c0056529e68dbe9184cd4019a1f3d8f3a4ead2f6fc7a5afcf27d3314edd1277", size = 5168745, upload-time = "2026-05-01T23:31:01.904Z" },
    { url = "https://files.pythonhosted.org/packages/15/af/b7151776cc08d5935d45c833ec818a9beb417cf7c08239af1aafbdae78ee/psycopg_binary-3.3.4-cp314-cp314-manylinux_2_27_aarch64.manylinux_2_28_aarch64.whl", hash = "sha256:2c09aad7051326e7603c14e50636db9c01f78272dc54b3accff03d46370461e6", size = 6761486, upload-time = "2026-05-01T23:31:14.511Z" },
    { url = "https://files.pythonhosted.org/packages/d0/ed/c92533b9124712d592cbf1cd6c76da933a2e0acea81dfe1fbe7e735f0cff/psycopg_binary-3.3.4-cp314-cp314-manylinux_2_38_riscv64.manylinux_2_39_riscv64.whl", hash = "sha256:514404ed543efd620c85602b747df2a23cf1241b4067199e1a66f2d2757aaa41", size = 4997427, upload-time = "2026-05-01T23:31:20.901Z" },
    { url = "https://files.pythonhosted.org/packages/a2/23/ccadfd0de416aa188356daa199453af24087b042e296088706d190ae0295/psycopg_binary-3.3.4-cp314-cp314-musllinux_1_2_aarch64.whl", hash = "sha256:46893c26858be12cc49ca4226ed6a60b4bfccadd946b3bebb783a60b38788228", size = 4533549, upload-time = "2026-05-01T23:31:26.204Z" },
    { url = "https://files.pythonhosted.org/packages/fd/a0/c8f43cee36386f7bc891ab41a9d31ea07cf9826038e732da79f26b1e5f34/psycopg_binary-3.3.4-cp314-cp314-musllinux_1_2_ppc64le.whl", hash = "sha256:df1d567fc430f6df15c9fcf67d87685fc49bdb325adc0db5af1adfb2f44eb5c9", size = 4210256, upload-time = "2026-05-01T23:31:33.884Z" },
    { url = "https://files.pythonhosted.org/packages/4e/2c/c1547871be3790676e8868b38655496422f94f0978dfb66b74bdba2f1676/psycopg_binary-3.3.4-cp314-cp314-musllinux_1_2_riscv64.whl", hash = "sha256:6b9016b1714da4dd5ecaaa75b82098aa5a0b87854ce9b092e21c27c4ae23e014", size = 3946204, upload-time = "2026-05-01T23:31:39.626Z" },
    { url = "https://files.pythonhosted.org/packages/c4/b1/f6670f00fa7ea601584623f6c11602ab92117d83eaff885e0210f6de7418/psycopg_binary-3.3.4-cp314-cp314-musllinux_1_2_x86_64.whl", hash = "sha256:47c656a8a7ba6eb0cff1801a4caaa9c8bdc12d03080e273aff1c8ac39971a77e", size = 4255811, upload-time = "2026-05-01T23:31:44.986Z" },
    { url = "https://files.pythonhosted.org/packages/eb/e6/5fff07a70d1f945ed90ae131c3bd76cab32beff7c58c6db15ad5820b6d1f/psycopg_binary-3.3.4-cp314-cp314-win_amd64.whl", hash = "sha256:c37e024c07308cd06cf3ec51bfd0e7f6157585a4d84d1bce4a7f5f7913719bf8", size = 3666849, upload-time = "2026-05-01T23:31:51.165Z" },
]

[[package]]
name = "python-dateutil"
version = "2.9.0.post0"
source = { registry = "https://pypi.org/simple" }
dependencies = [
    { name = "six" },
]
sdist = { url = "https://files.pythonhosted.org/packages/66/c0/0c8b6ad9f17a802ee498c46e004a0eb49bc148f2fd230864601a86dcf6db/python-dateutil-2.9.0.post0.tar.gz", hash = "sha256:37dd54208da7e1cd875388217d5e00ebd4179249f90fb72437e91a35459a0ad3", size = 342432, upload-time = "2024-03-01T18:36:20.211Z" }
wheels = [
    { url = "https://files.pythonhosted.org/packages/ec/57/56b9bcc3c9c6a792fcbaf139543cee77261f3651ca9da0c93f5c1221264b/python_dateutil-2.9.0.post0-py2.py3-none-any.whl", hash = "sha256:a8b2bc7bffae282281c8140a97d3aa9c14da0b136dfe83f850eea9a5f7470427", size = 229892, upload-time = "2024-03-01T18:36:18.57Z" },
]

[[package]]
name = "pytz"
version = "2026.2"
source = { registry = "https://pypi.org/simple" }
sdist = { url = "https://files.pythonhosted.org/packages/ff/46/dd499ec9038423421951e4fad73051febaa13d2df82b4064f87af8b8c0c3/pytz-2026.2.tar.gz", hash = "sha256:0e60b47b29f21574376f218fe21abc009894a2321ea16c6754f3cad6eb7cdd6a", size = 320861, upload-time = "2026-05-04T01:35:29.667Z" }
wheels = [
    { url = "https://files.pythonhosted.org/packages/ec/dd/96da98f892250475bdf2328112d7468abdd4acc7b902b6af23f4ed958ea0/pytz-2026.2-py2.py3-none-any.whl", hash = "sha256:04156e608bee23d3792fd45c94ae47fae1036688e75032eea2e3bf0323d1f126", size = 510141, upload-time = "2026-05-04T01:35:27.408Z" },
]

[[package]]
name = "recurring-ical-events"
version = "3.8.2"
source = { registry = "https://pypi.org/simple" }
dependencies = [
    { name = "icalendar" },
    { name = "python-dateutil" },
    { name = "tzdata" },
    { name = "x-wr-timezone" },
]
sdist = { url = "https://files.pythonhosted.org/packages/b9/f5/898abd8fbb25766ec6cb17b244730ebf192f47963c71eeacd61aadd903a1/recurring_ical_events-3.8.2.tar.gz", hash = "sha256:e731af31d0b7dec5cd47a1defacd8549e2f36fab1c1995e8b9f042822a0acf8e", size = 604992, upload-time = "2026-04-30T19:21:46.2Z" }
wheels = [
    { url = "https://files.pythonhosted.org/packages/81/f7/d3eb4f545baf5d6daaa5881694517626fb7ad04036d94168197a4f021384/recurring_ical_events-3.8.2-py3-none-any.whl", hash = "sha256:9ad605e27b4fbeb70ee1c66205ade32550be15a57cedc579606522f1c67aef6d", size = 241358, upload-time = "2026-04-30T19:21:44.079Z" },
]

[[package]]
name = "ruff"
version = "0.14.14"
source = { registry = "https://pypi.org/simple" }
sdist = { url = "https://files.pythonhosted.org/packages/2e/06/f71e3a86b2df0dfa2d2f72195941cd09b44f87711cb7fa5193732cb9a5fc/ruff-0.14.14.tar.gz", hash = "sha256:2d0f819c9a90205f3a867dbbd0be083bee9912e170fd7d9704cc8ae45824896b", size = 4515732, upload-time = "2026-01-22T22:30:17.527Z" }
wheels = [
    { url = "https://files.pythonhosted.org/packages/d2/89/20a12e97bc6b9f9f68343952da08a8099c57237aef953a56b82711d55edd/ruff-0.14.14-py3-none-linux_armv6l.whl", hash = "sha256:7cfe36b56e8489dee8fbc777c61959f60ec0f1f11817e8f2415f429552846aed", size = 10467650, upload-time = "2026-01-22T22:30:08.578Z" },
    { url = "https://files.pythonhosted.org/packages/a3/b1/c5de3fd2d5a831fcae21beda5e3589c0ba67eec8202e992388e4b17a6040/ruff-0.14.14-py3-none-macosx_10_12_x86_64.whl", hash = "sha256:6006a0082336e7920b9573ef8a7f52eec837add1265cc74e04ea8a4368cd704c", size = 10883245, upload-time = "2026-01-22T22:30:04.155Z" },
    { url = "https://files.pythonhosted.org/packages/b8/7c/3c1db59a10e7490f8f6f8559d1db8636cbb13dccebf18686f4e3c9d7c772/ruff-0.14.14-py3-none-macosx_11_0_arm64.whl", hash = "sha256:026c1d25996818f0bf498636686199d9bd0d9d6341c9c2c3b62e2a0198b758de", size = 10231273, upload-time = "2026-01-22T22:30:34.642Z" },
    { url = "https://files.pythonhosted.org/packages/a1/6e/5e0e0d9674be0f8581d1f5e0f0a04761203affce3232c1a1189d0e3b4dad/ruff-0.14.14-py3-none-manylinux_2_17_aarch64.manylinux2014_aarch64.whl", hash = "sha256:f666445819d31210b71e0a6d1c01e24447a20b85458eea25a25fe8142210ae0e", size = 10585753, upload-time = "2026-01-22T22:30:31.781Z" },
    { url = "https://files.pythonhosted.org/packages/23/09/754ab09f46ff1884d422dc26d59ba18b4e5d355be147721bb2518aa2a014/ruff-0.14.14-py3-none-manylinux_2_17_armv7l.manylinux2014_armv7l.whl", hash = "sha256:3c0f18b922c6d2ff9a5e6c3ee16259adc513ca775bcf82c67ebab7cbd9da5bc8", size = 10286052, upload-time = "2026-01-22T22:30:24.827Z" },
    { url = "https://files.pythonhosted.org/packages/c8/cc/e71f88dd2a12afb5f50733851729d6b571a7c3a35bfdb16c3035132675a0/ruff-0.14.14-py3-none-manylinux_2_17_i686.manylinux2014_i686.whl", hash = "sha256:1629e67489c2dea43e8658c3dba659edbfd87361624b4040d1df04c9740ae906", size = 11043637, upload-time = "2026-01-22T22:30:13.239Z" },
    { url = "https://files.pythonhosted.org/packages/67/b2/397245026352494497dac935d7f00f1468c03a23a0c5db6ad8fc49ca3fb2/ruff-0.14.14-py3-none-manylinux_2_17_ppc64.manylinux2014_ppc64.whl", hash = "sha256:27493a2131ea0f899057d49d303e4292b2cae2bb57253c1ed1f256fbcd1da480", size = 12194761, upload-time = "2026-01-22T22:30:22.542Z" },
    { url = "https://files.pythonhosted.org/packages/5b/06/06ef271459f778323112c51b7587ce85230785cd64e91772034ddb88f200/ruff-0.14.14-py3-none-manylinux_2_17_ppc64le.manylinux2014_ppc64le.whl", hash = "sha256:01ff589aab3f5b539e35db38425da31a57521efd1e4ad1ae08fc34dbe30bd7df", size = 12005701, upload-time = "2026-01-22T22:30:20.499Z" },
    { url = "https://files.pythonhosted.org/packages/41/d6/99364514541cf811ccc5ac44362f88df66373e9fec1b9d1c4cc830593fe7/ruff-0.14.14-py3-none-manylinux_2_17_s390x.manylinux2014_s390x.whl", hash = "sha256:1cc12d74eef0f29f51775f5b755913eb523546b88e2d733e1d701fe65144e89b", size = 11282455, upload-time = "2026-01-22T22:29:59.679Z" },
    { url = "https://files.pythonhosted.org/packages/ca/71/37daa46f89475f8582b7762ecd2722492df26421714a33e72ccc9a84d7a5/ruff-0.14.14-py3-none-manylinux_2_17_x86_64.manylinux2014_x86_64.whl", hash = "sha256:bb8481604b7a9e75eff53772496201690ce2687067e038b3cc31aaf16aa0b974", size = 11215882, upload-time = "2026-01-22T22:29:57.032Z" },
    { url = "https://files.pythonhosted.org/packages/2c/10/a31f86169ec91c0705e618443ee74ede0bdd94da0a57b28e72db68b2dbac/ruff-0.14.14-py3-none-manylinux_2_31_riscv64.whl", hash = "sha256:14649acb1cf7b5d2d283ebd2f58d56b75836ed8c6f329664fa91cdea19e76e66", size = 11180549, upload-time = "2026-01-22T22:30:27.175Z" },
    { url = "https://files.pythonhosted.org/packages/fd/1e/c723f20536b5163adf79bdd10c5f093414293cdf567eed9bdb7b83940f3f/ruff-0.14.14-py3-none-musllinux_1_2_aarch64.whl", hash = "sha256:e8058d2145566510790eab4e2fad186002e288dec5e0d343a92fe7b0bc1b3e13", size = 10543416, upload-time = "2026-01-22T22:30:01.964Z" },
    { url = "https://files.pythonhosted.org/packages/3e/34/8a84cea7e42c2d94ba5bde1d7a4fae164d6318f13f933d92da6d7c2041ff/ruff-0.14.14-py3-none-musllinux_1_2_armv7l.whl", hash = "sha256:e651e977a79e4c758eb807f0481d673a67ffe53cfa92209781dfa3a996cf8412", size = 10285491, upload-time = "2026-01-22T22:30:29.51Z" },
    { url = "https://files.pythonhosted.org/packages/55/ef/b7c5ea0be82518906c978e365e56a77f8de7678c8bb6651ccfbdc178c29f/ruff-0.14.14-py3-none-musllinux_1_2_i686.whl", hash = "sha256:cc8b22da8d9d6fdd844a68ae937e2a0adf9b16514e9a97cc60355e2d4b219fc3", size = 10733525, upload-time = "2026-01-22T22:30:06.499Z" },
    { url = "https://files.pythonhosted.org/packages/6a/5b/aaf1dfbcc53a2811f6cc0a1759de24e4b03e02ba8762daabd9b6bd8c59e3/ruff-0.14.14-py3-none-musllinux_1_2_x86_64.whl", hash = "sha256:16bc890fb4cc9781bb05beb5ab4cd51be9e7cb376bf1dd3580512b24eb3fda2b", size = 11315626, upload-time = "2026-01-22T22:30:36.848Z" },
    { url = "https://files.pythonhosted.org/packages/2c/aa/9f89c719c467dfaf8ad799b9bae0df494513fb21d31a6059cb5870e57e74/ruff-0.14.14-py3-none-win32.whl", hash = "sha256:b530c191970b143375b6a68e6f743800b2b786bbcf03a7965b06c4bf04568167", size = 10502442, upload-time = "2026-01-22T22:30:38.93Z" },
    { url = "https://files.pythonhosted.org/packages/87/44/90fa543014c45560cae1fffc63ea059fb3575ee6e1cb654562197e5d16fb/ruff-0.14.14-py3-none-win_amd64.whl", hash = "sha256:3dde1435e6b6fe5b66506c1dff67a421d0b7f6488d466f651c07f4cab3bf20fd", size = 11630486, upload-time = "2026-01-22T22:30:10.852Z" },
    { url = "https://files.pythonhosted.org/packages/9e/6a/40fee331a52339926a92e17ae748827270b288a35ef4a15c9c8f2ec54715/ruff-0.14.14-py3-none-win_arm64.whl", hash = "sha256:56e6981a98b13a32236a72a8da421d7839221fa308b223b9283312312e5ac76c", size = 10920448, upload-time = "2026-01-22T22:30:15.417Z" },
]

[[package]]
name = "six"
version = "1.17.0"
source = { registry = "https://pypi.org/simple" }
sdist = { url = "https://files.pythonhosted.org/packages/94/e7/b2c673351809dca68a0e064b6af791aa332cf192da575fd474ed7d6f16a2/six-1.17.0.tar.gz", hash = "sha256:ff70335d468e7eb6ec65b95b99d3a2836546063f63acc5171de367e834932a81", size = 34031, upload-time = "2024-12-04T17:35:28.174Z" }
wheels = [
    { url = "https://files.pythonhosted.org/packages/b7/ce/149a00dd41f10bc29e5921b496af8b574d8413afcd5e30dfa0ed46c2cc5e/six-1.17.0-py2.py3-none-any.whl", hash = "sha256:4721f391ed90541fddacab5acf947aa0d3dc7d27b2e1e8eda2be8970586c3274", size = 11050, upload-time = "2024-12-04T17:35:26.475Z" },
]

[[package]]
name = "sqlparse"
version = "0.5.5"
source = { registry = "https://pypi.org/simple" }
sdist = { url = "https://files.pythonhosted.org/packages/90/76/437d71068094df0726366574cf3432a4ed754217b436eb7429415cf2d480/sqlparse-0.5.5.tar.gz", hash = "sha256:e20d4a9b0b8585fdf63b10d30066c7c94c5d7a7ec47c889a2d83a3caa93ff28e", size = 120815, upload-time = "2025-12-19T07:17:45.073Z" }
wheels = [
    { url = "https://files.pythonhosted.org/packages/49/4b/359f28a903c13438ef59ebeee215fb25da53066db67b305c125f1c6d2a25/sqlparse-0.5.5-py3-none-any.whl", hash = "sha256:12a08b3bf3eec877c519589833aed092e2444e68240a3577e8e26148acc7b1ba", size = 46138, upload-time = "2025-12-19T07:17:46.573Z" },
]

[[package]]
name = "ty"
version = "0.0.40"
source = { registry = "https://pypi.org/simple" }
sdist = { url = "https://files.pythonhosted.org/packages/5a/f8/a754c96967b71de8723f88be17df8738216bd382ffed229cd500b7a24d13/ty-0.0.40.tar.gz", hash = "sha256:883b53dd98f6e5b33ab1c8e1a3cd94b0f29c762ef22cdf1e86aaffb4fd711c67", size = 5726484, upload-time = "2026-05-27T17:55:43.615Z" }
wheels = [
    { url = "https://files.pythonhosted.org/packages/2c/42/d029a72165ad39f95228b67355927fbd35c821dc8e3e475d49f47c2eeb1e/ty-0.0.40-py3-none-linux_armv6l.whl", hash = "sha256:9defb4742450e569a6a09de286a04008d6c2e815112da4362c88b6eaa2f52a36", size = 11406372, upload-time = "2026-05-27T17:55:49.633Z" },
    { url = "https://files.pythonhosted.org/packages/23/99/7f8ea09b7e49afbf795cb3341a3217f30f228db7e62a2268ed8cbbf813d6/ty-0.0.40-py3-none-macosx_10_12_x86_64.whl", hash = "sha256:868258a3330db88b683fcafe2c4e936d6226a6312799bf15b585d93557b2d38c", size = 11159782, upload-time = "2026-05-27T17:55:47.405Z" },
    { url = "https://files.pythonhosted.org/packages/04/d8/1ea745ee97a98b26ae9564d19a430a76a35297cd450e84dcaad22e1f7ee8/ty-0.0.40-py3-none-macosx_11_0_arm64.whl", hash = "sha256:589c81060cf1e7a9ffa2f45bfa35ffd9b9fbd214104e3f13959f113627efcd91", size = 10594139, upload-time = "2026-05-27T17:55:37.206Z" },
    { url = "https://files.pythonhosted.org/packages/39/1a/fbef21273c6617ff4715b4827ee1c0b6550aa7d1df4b8c43b325545c1cf4/ty-0.0.40-py3-none-manylinux_2_17_aarch64.manylinux2014_aarch64.whl", hash = "sha256:7b06108990cb338d941c315ae6e9ba2fff8f518bc15d3f33e5619ff6a6c9beab", size = 11114156, upload-time = "2026-05-27T17:55:56.11Z" },
    { url = "https://files.pythonhosted.org/packages/3c/f9/389fc4976d7ec016a7473cf1274bf9c4f491bb54c66649bd022bff9f2b6a/ty-0.0.40-py3-none-manylinux_2_17_armv7l.manylinux2014_armv7l.whl", hash = "sha256:3913ef37336bec4f96bd2512f8c3a543ca34c259b7170f7eb5adf75b3ed7f04c", size = 11189050, upload-time = "2026-05-27T17:55:54.099Z" },
    { url = "https://files.pythonhosted.org/packages/fa/a9/4ecabbf4bdda7df0d99d8d3892c6edac0efc8c4cae756a5109178a3d0e86/ty-0.0.40-py3-none-manylinux_2_17_i686.manylinux2014_i686.whl", hash = "sha256:8fd1486bd5fe48779a8aa857137f3642a0a9161f5cf57d4380f4a0ecea01c8f3", size = 11664266, upload-time = "2026-05-27T17:55:28.17Z" },
    { url = "https://files.pythonhosted.org/packages/45/02/0aa78730116507c265afb1d6d5961c583b49d4c2e368c4a49fd81bcae6dc/ty-0.0.40-py3-none-manylinux_2_17_ppc64le.manylinux2014_ppc64le.whl", hash = "sha256:1668364d5254a734329917ee66c2c5fdd5665389d41043f6fce0f22ddb32b749", size = 12187743, upload-time = "2026-05-27T17:56:04.337Z" },
    { url = "https://files.pythonhosted.org/packages/e6/68/ccabf2d173523598271a385c1d3f864dbda23e5ebdc67f5969b9e830ea05/ty-0.0.40-py3-none-manylinux_2_17_s390x.manylinux2014_s390x.whl", hash = "sha256:43f77a73edb91e5dfa2ab9af7c4cac64614f8cc121f38a8875f22e830d3aba6a", size = 11862999, upload-time = "2026-05-27T17:55:58.087Z" },
    { url = "https://files.pythonhosted.org/packages/03/8d/6d7ec22771bb23d534797cdb446eb644bccfe7a62b729bb99e7235a02fc3/ty-0.0.40-py3-none-manylinux_2_17_x86_64.manylinux2014_x86_64.whl", hash = "sha256:1274ce0212ecbfed01bda7c3659c46e8bd0068e32d00c46c790466a95274c3df", size = 11743896, upload-time = "2026-05-27T17:56:00.017Z" },
    { url = "https://files.pythonhosted.org/packages/cd/a4/f9fa076b010c91cb249b1fcc3476569b7b8462cb4b688da2d04c23a0622f/ty-0.0.40-py3-none-manylinux_2_31_riscv64.whl", hash = "sha256:5ee1261dbc363e5cc1a0c5bb0c8612c192bfe53491214df8bc85a540835685f9", size = 11883581, upload-time = "2026-05-27T17:56:02.319Z" },
    { url = "https://files.pythonhosted.org/packages/fd/0f/5b776a2328c756d574dd4d6afbd30fc24e1ab4b76935c7c3c23f27ebbcb9/ty-0.0.40-py3-none-musllinux_1_2_aarch64.whl", hash = "sha256:6220e2cd5cdc4683dd87fb150d195bbd9f1a021395e04cb08bd3c66ea6da6ef8", size = 11093946, upload-time = "2026-05-27T17:55:33.284Z" },
    { url = "https://files.pythonhosted.org/packages/64/c4/eb23154bae83ad7c2935e9e5916660fb3e31598a92ee232aebd79410480c/ty-0.0.40-py3-none-musllinux_1_2_armv7l.whl", hash = "sha256:46b9ed69d01d98ef046afac9983c68336f572605ea2a27b90fbe6f80bfc8d6b7", size = 11210737, upload-time = "2026-05-27T17:55:45.523Z" },
    { url = "https://files.pythonhosted.org/packages/ff/19/1fb2529703f708cacfd13a89f98613cae2907dfa941b26976467e6119803/ty-0.0.40-py3-none-musllinux_1_2_i686.whl", hash = "sha256:ddbca9fab4406260f141674ab5efcfe7b02bd468e6985e4cdde0a21626e69ffe", size = 11332563, upload-time = "2026-05-27T17:55:41.674Z" },
    { url = "https://files.pythonhosted.org/packages/87/69/b3f5a8ef26c31204e0391147b3adcdb0674eda3e7d99868478ef168a41c6/ty-0.0.40-py3-none-musllinux_1_2_x86_64.whl", hash = "sha256:b1fcc082a749e6dc11b68fe9aab0420238bbf2a2374c2c7aa3c22e8c1618b136", size = 11843216, upload-time = "2026-05-27T17:55:35.367Z" },
    { url = "https://files.pythonhosted.org/packages/ac/e8/20193069d32787f3e1a6ec8940aaa3759d3de8f48f9281bcc0c5cb0939da/ty-0.0.40-py3-none-win32.whl", hash = "sha256:75feb115b3587824c5bdf8f8305e9547b0d1e398e3077b0addc7a1988ea9bb50", size = 10670731, upload-time = "2026-05-27T17:55:31.316Z" },
    { url = "https://files.pythonhosted.org/packages/a3/f9/8b2aa4da61db81322d4a2f9db227afeb48110ca15ae31d380f64c64ceb63/ty-0.0.40-py3-none-win_amd64.whl", hash = "sha256:b0f905edaad788bd61f779a85801b60a267a25ed57fca05aaddd168d9d8896be", size = 11766211, upload-time = "2026-05-27T17:55:51.898Z" },
    { url = "https://files.pythonhosted.org/packages/04/87/369056ed46f1b235130ec0595393262f9cd2061ca3dab276d490980f9343/ty-0.0.40-py3-none-win_arm64.whl", hash = "sha256:07da2b09d9130e2c9a257d2a29beb53105835b0256ee5fdb288fe1aab83fee47", size = 11117369, upload-time = "2026-05-27T17:55:39.329Z" },
]

[[package]]
name = "typing-extensions"
version = "4.15.0"
source = { registry = "https://pypi.org/simple" }
sdist = { url = "https://files.pythonhosted.org/packages/72/94/1a15dd82efb362ac84269196e94cf00f187f7ed21c242792a923cdb1c61f/typing_extensions-4.15.0.tar.gz", hash = "sha256:0cea48d173cc12fa28ecabc3b837ea3cf6f38c6d1136f85cbaaf598984861466", size = 109391, upload-time = "2025-08-25T13:49:26.313Z" }
wheels = [
    { url = "https://files.pythonhosted.org/packages/18/67/36e9267722cc04a6b9f15c7f3441c2363321a3ea07da7ae0c0707beb2a9c/typing_extensions-4.15.0-py3-none-any.whl", hash = "sha256:f0fa19c6845758ab08074a0cfa8b7aecb71c999ca73d62883bc25cc018c4e548", size = 44614, upload-time = "2025-08-25T13:49:24.86Z" },
]

[[package]]
name = "tzdata"
version = "2026.2"
source = { registry = "https://pypi.org/simple" }
sdist = { url = "https://files.pythonhosted.org/packages/ba/19/1b9b0e29f30c6d35cb345486df41110984ea67ae69dddbc0e8a100999493/tzdata-2026.2.tar.gz", hash = "sha256:9173fde7d80d9018e02a662e168e5a2d04f87c41ea174b139fbef642eda62d10", size = 198254, upload-time = "2026-04-24T15:22:08.651Z" }
wheels = [
    { url = "https://files.pythonhosted.org/packages/ce/e4/dccd7f47c4b64213ac01ef921a1337ee6e30e8c6466046018326977efd95/tzdata-2026.2-py2.py3-none-any.whl", hash = "sha256:bbe9af844f658da81a5f95019480da3a89415801f6cc966806612cc7169bffe7", size = 349321, upload-time = "2026-04-24T15:22:05.876Z" },
]

[[package]]
name = "x-wr-timezone"
version = "2.0.1"
source = { registry = "https://pypi.org/simple" }
dependencies = [
    { name = "click" },
    { name = "icalendar" },
    { name = "tzdata" },
]
sdist = { url = "https://files.pythonhosted.org/packages/79/2b/8ae5f59ab852c8fe32dd37c1aa058eb98aca118fec2d3af5c3cd56fffb7b/x_wr_timezone-2.0.1.tar.gz", hash = "sha256:9166c40e6ffd4c0edebabc354e1a1e2cffc1bb473f88007694793757685cc8c3", size = 18212, upload-time = "2025-02-06T17:10:40.913Z" }
wheels = [
    { url = "https://files.pythonhosted.org/packages/0f/b7/4bac35b4079b76c07d8faddf89467e9891b1610cfe8d03b0ebb5610e4423/x_wr_timezone-2.0.1-py3-none-any.whl", hash = "sha256:e74a53b9f4f7def8138455c240e65e47c224778bce3c024fcd6da2cbe91ca038", size = 11102, upload-time = "2025-02-06T17:10:39.192Z" },
]
